// !$*UTF8*$!
{
	archiveVersion = 1;
	classes = {
	};
	objectVersion = 46;
	objects = {

/* Begin PBXBuildFile section */
		6370EE081DB7CDBE00DC71BB /* main.m in Sources */ = {isa = PBXBuildFile; fileRef = 6370EE071DB7CDBE00DC71BB /* main.m */; };
		6370EE0B1DB7CDBE00DC71BB /* AppDelegate.m in Sources */ = {isa = PBXBuildFile; fileRef = 6370EE0A1DB7CDBE00DC71BB /* AppDelegate.m */; };
		6370EE131DB7CDBF00DC71BB /* Assets.xcassets in Resources */ = {isa = PBXBuildFile; fileRef = 6370EE121DB7CDBF00DC71BB /* Assets.xcassets */; };
		6370EE161DB7CDBF00DC71BB /* LaunchScreen.storyboard in Resources */ = {isa = PBXBuildFile; fileRef = 6370EE141DB7CDBF00DC71BB /* LaunchScreen.storyboard */; };
		6370EE211DB7CDBF00DC71BB /* BeeQuickTests.m in Sources */ = {isa = PBXBuildFile; fileRef = 6370EE201DB7CDBF00DC71BB /* BeeQuickTests.m */; };
		6370EE2C1DB7CDBF00DC71BB /* BeeQuickUITests.m in Sources */ = {isa = PBXBuildFile; fileRef = 6370EE2B1DB7CDBF00DC71BB /* BeeQuickUITests.m */; };
/* End PBXBuildFile section */

/* Begin PBXContainerItemProxy section */
		6370EE1D1DB7CDBF00DC71BB /* PBXContainerItemProxy */ = {
			isa = PBXContainerItemProxy;
			containerPortal = 6370EDFB1DB7CDBE00DC71BB /* Project object */;
			proxyType = 1;
			remoteGlobalIDString = 6370EE021DB7CDBE00DC71BB;
			remoteInfo = BeeQuick;
		};
		6370EE281DB7CDBF00DC71BB /* PBXContainerItemProxy */ = {
			isa = PBXContainerItemProxy;
			containerPortal = 6370EDFB1DB7CDBE00DC71BB /* Project object */;
			proxyType = 1;
			remoteGlobalIDString = 6370EE021DB7CDBE00DC71BB;
			remoteInfo = BeeQuick;
		};
/* End PBXContainerItemProxy section */

/* Begin PBXFileReference section */
		6370EE031DB7CDBE00DC71BB /* BeeQuick.app */ = {isa = PBXFileReference; explicitFileType = wrapper.application; includeInIndex = 0; path = BeeQuick.app; sourceTree = BUILT_PRODUCTS_DIR; };
		6370EE071DB7CDBE00DC71BB /* main.m */ = {isa = PBXFileReference; lastKnownFileType = sourcecode.c.objc; path = main.m; sourceTree = "<group>"; };
		6370EE091DB7CDBE00DC71BB /* AppDelegate.h */ = {isa = PBXFileReference; lastKnownFileType = sourcecode.c.h; path = AppDelegate.h; sourceTree = "<group>"; };
		6370EE0A1DB7CDBE00DC71BB /* AppDelegate.m */ = {isa = PBXFileReference; lastKnownFileType = sourcecode.c.objc; path = AppDelegate.m; sourceTree = "<group>"; };
		6370EE121DB7CDBF00DC71BB /* Assets.xcassets */ = {isa = PBXFileReference; lastKnownFileType = folder.assetcatalog; path = Assets.xcassets; sourceTree = "<group>"; };
		6370EE151DB7CDBF00DC71BB /* Base */ = {isa = PBXFileReference; lastKnownFileType = file.storyboard; name = Base; path = Base.lproj/LaunchScreen.storyboard; sourceTree = "<group>"; };
		6370EE171DB7CDBF00DC71BB /* Info.plist */ = {isa = PBXFileReference; lastKnownFileType = text.plist.xml; path = Info.plist; sourceTree = "<group>"; };
		6370EE1C1DB7CDBF00DC71BB /* BeeQuickTests.xctest */ = {isa = PBXFileReference; explicitFileType = wrapper.cfbundle; includeInIndex = 0; path = BeeQuickTests.xctest; sourceTree = BUILT_PRODUCTS_DIR; };
		6370EE201DB7CDBF00DC71BB /* BeeQuickTests.m */ = {isa = PBXFileReference; lastKnownFileType = sourcecode.c.objc; path = BeeQuickTests.m; sourceTree = "<group>"; };
		6370EE221DB7CDBF00DC71BB /* Info.plist */ = {isa = PBXFileReference; lastKnownFileType = text.plist.xml; path = Info.plist; sourceTree = "<group>"; };
		6370EE271DB7CDBF00DC71BB /* BeeQuickUITests.xctest */ = {isa = PBXFileReference; explicitFileType = wrapper.cfbundle; includeInIndex = 0; path = BeeQuickUITests.xctest; sourceTree = BUILT_PRODUCTS_DIR; };
		6370EE2B1DB7CDBF00DC71BB /* BeeQuickUITests.m */ = {isa = PBXFileReference; lastKnownFileType = sourcecode.c.objc; path = BeeQuickUITests.m; sourceTree = "<group>"; };
		6370EE2D1DB7CDC000DC71BB /* Info.plist */ = {isa = PBXFileReference; lastKnownFileType = text.plist.xml; path = Info.plist; sourceTree = "<group>"; };
/* End PBXFileReference section */

/* Begin PBXFrameworksBuildPhase section */
		6370EE001DB7CDBE00DC71BB /* Frameworks */ = {
			isa = PBXFrameworksBuildPhase;
			buildActionMask = 2147483647;
			files = (
			);
			runOnlyForDeploymentPostprocessing = 0;
		};
		6370EE191DB7CDBF00DC71BB /* Frameworks */ = {
			isa = PBXFrameworksBuildPhase;
			buildActionMask = 2147483647;
			files = (
			);
			runOnlyForDeploymentPostprocessing = 0;
		};
		6370EE241DB7CDBF00DC71BB /* Frameworks */ = {
			isa = PBXFrameworksBuildPhase;
			buildActionMask = 2147483647;
			files = (
			);
			runOnlyForDeploymentPostprocessing = 0;
		};
/* End PBXFrameworksBuildPhase section */

/* Begin PBXGroup section */
		6370EDFA1DB7CDBE00DC71BB = {
			isa = PBXGroup;
			children = (
				6370EE051DB7CDBE00DC71BB /* BeeQuick */,
				6370EE1F1DB7CDBF00DC71BB /* BeeQuickTests */,
				6370EE2A1DB7CDBF00DC71BB /* BeeQuickUITests */,
				6370EE041DB7CDBE00DC71BB /* Products */,
			);
			sourceTree = "<group>";
		};
		6370EE041DB7CDBE00DC71BB /* Products */ = {
			isa = PBXGroup;
			children = (
				6370EE031DB7CDBE00DC71BB /* BeeQuick.app */,
				6370EE1C1DB7CDBF00DC71BB /* BeeQuickTests.xctest */,
				6370EE271DB7CDBF00DC71BB /* BeeQuickUITests.xctest */,
			);
			name = Products;
			sourceTree = "<group>";
		};
		6370EE051DB7CDBE00DC71BB /* BeeQuick */ = {
			isa = PBXGroup;
			children = (
				6370EE091DB7CDBE00DC71BB /* AppDelegate.h */,
				6370EE0A1DB7CDBE00DC71BB /* AppDelegate.m */,
				6370EE121DB7CDBF00DC71BB /* Assets.xcassets */,
				6370EE141DB7CDBF00DC71BB /* LaunchScreen.storyboard */,
				6370EE171DB7CDBF00DC71BB /* Info.plist */,
				6370EE061DB7CDBE00DC71BB /* Supporting Files */,
			);
			path = BeeQuick;
			sourceTree = "<group>";
		};
		6370EE061DB7CDBE00DC71BB /* Supporting Files */ = {
			isa = PBXGroup;
			children = (
				6370EE071DB7CDBE00DC71BB /* main.m */,
			);
			name = "Supporting Files";
			sourceTree = "<group>";
		};
		6370EE1F1DB7CDBF00DC71BB /* BeeQuickTests */ = {
			isa = PBXGroup;
			children = (
				6370EE201DB7CDBF00DC71BB /* BeeQuickTests.m */,
				6370EE221DB7CDBF00DC71BB /* Info.plist */,
			);
			path = BeeQuickTests;
			sourceTree = "<group>";
		};
		6370EE2A1DB7CDBF00DC71BB /* BeeQuickUITests */ = {
			isa = PBXGroup;
			children = (
				6370EE2B1DB7CDBF00DC71BB /* BeeQuickUITests.m */,
				6370EE2D1DB7CDC000DC71BB /* Info.plist */,
			);
			path = BeeQuickUITests;
			sourceTree = "<group>";
		};
/* End PBXGroup section */

/* Begin PBXNativeTarget section */
		6370EE021DB7CDBE00DC71BB /* BeeQuick */ = {
			isa = PBXNativeTarget;
			buildConfigurationList = 6370EE301DB7CDC000DC71BB /* Build configuration list for PBXNativeTarget "BeeQuick" */;
			buildPhases = (
				6370EDFF1DB7CDBE00DC71BB /* Sources */,
				6370EE001DB7CDBE00DC71BB /* Frameworks */,
				6370EE011DB7CDBE00DC71BB /* Resources */,
			);
			buildRules = (
			);
			dependencies = (
			);
			name = BeeQuick;
			productName = BeeQuick;
			productReference = 6370EE031DB7CDBE00DC71BB /* BeeQuick.app */;
			productType = "com.apple.product-type.application";
		};
		6370EE1B1DB7CDBF00DC71BB /* BeeQuickTests */ = {
			isa = PBXNativeTarget;
			buildConfigurationList = 6370EE331DB7CDC000DC71BB /* Build configuration list for PBXNativeTarget "BeeQuickTests" */;
			buildPhases = (
				6370EE181DB7CDBF00DC71BB /* Sources */,
				6370EE191DB7CDBF00DC71BB /* Frameworks */,
				6370EE1A1DB7CDBF00DC71BB /* Resources */,
			);
			buildRules = (
			);
			dependencies = (
				6370EE1E1DB7CDBF00DC71BB /* PBXTargetDependency */,
			);
			name = BeeQuickTests;
			productName = BeeQuickTests;
			productReference = 6370EE1C1DB7CDBF00DC71BB /* BeeQuickTests.xctest */;
			productType = "com.apple.product-type.bundle.unit-test";
		};
		6370EE261DB7CDBF00DC71BB /* BeeQuickUITests */ = {
			isa = PBXNativeTarget;
			buildConfigurationList = 6370EE361DB7CDC000DC71BB /* Build configuration list for PBXNativeTarget "BeeQuickUITests" */;
			buildPhases = (
				6370EE231DB7CDBF00DC71BB /* Sources */,
				6370EE241DB7CDBF00DC71BB /* Frameworks */,
				6370EE251DB7CDBF00DC71BB /* Resources */,
			);
			buildRules = (
			);
			dependencies = (
				6370EE291DB7CDBF00DC71BB /* PBXTargetDependency */,
			);
			name = BeeQuickUITests;
			productName = BeeQuickUITests;
			productReference = 6370EE271DB7CDBF00DC71BB /* BeeQuickUITests.xctest */;
			productType = "com.apple.product-type.bundle.ui-testing";
		};
/* End PBXNativeTarget section */

/* Begin PBXProject section */
		6370EDFB1DB7CDBE00DC71BB /* Project object */ = {
			isa = PBXProject;
			attributes = {
				CLASSPREFIX = YBZY;
				LastUpgradeCheck = 0800;
				ORGANIZATIONNAME = YBZY;
				TargetAttributes = {
					6370EE021DB7CDBE00DC71BB = {
						CreatedOnToolsVersion = 8.0;
						DevelopmentTeam = SPC344AR9K;
						ProvisioningStyle = Automatic;
					};
					6370EE1B1DB7CDBF00DC71BB = {
						CreatedOnToolsVersion = 8.0;
						DevelopmentTeam = SPC344AR9K;
						ProvisioningStyle = Automatic;
						TestTargetID = 6370EE021DB7CDBE00DC71BB;
					};
					6370EE261DB7CDBF00DC71BB = {
						CreatedOnToolsVersion = 8.0;
						DevelopmentTeam = SPC344AR9K;
						ProvisioningStyle = Automatic;
						TestTargetID = 6370EE021DB7CDBE00DC71BB;
					};
				};
			};
			buildConfigurationList = 6370EDFE1DB7CDBE00DC71BB /* Build configuration list for PBXProject "BeeQuick" */;
			compatibilityVersion = "Xcode 3.2";
			developmentRegion = English;
			hasScannedForEncodings = 0;
			knownRegions = (
				en,
				Base,
			);
			mainGroup = 6370EDFA1DB7CDBE00DC71BB;
			productRefGroup = 6370EE041DB7CDBE00DC71BB /* Products */;
			projectDirPath = "";
			projectRoot = "";
			targets = (
				6370EE021DB7CDBE00DC71BB /* BeeQuick */,
				6370EE1B1DB7CDBF00DC71BB /* BeeQuickTests */,
				6370EE261DB7CDBF00DC71BB /* BeeQuickUITests */,
			);
		};
/* End PBXProject section */

/* Begin PBXResourcesBuildPhase section */
		6370EE011DB7CDBE00DC71BB /* Resources */ = {
			isa = PBXResourcesBuildPhase;
			buildActionMask = 2147483647;
			files = (
				6370EE161DB7CDBF00DC71BB /* LaunchScreen.storyboard in Resources */,
				6370EE131DB7CDBF00DC71BB /* Assets.xcassets in Resources */,
			);
			runOnlyForDeploymentPostprocessing = 0;
		};
		6370EE1A1DB7CDBF00DC71BB /* Resources */ = {
			isa = PBXResourcesBuildPhase;
			buildActionMask = 2147483647;
			files = (
			);
			runOnlyForDeploymentPostprocessing = 0;
		};
		6370EE251DB7CDBF00DC71BB /* Resources */ = {
			isa = PBXResourcesBuildPhase;
			buildActionMask = 2147483647;
			files = (
			);
			runOnlyForDeploymentPostprocessing = 0;
		};
/* End PBXResourcesBuildPhase section */

/* Begin PBXSourcesBuildPhase section */
		6370EDFF1DB7CDBE00DC71BB /* Sources */ = {
			isa = PBXSourcesBuildPhase;
			buildActionMask = 2147483647;
			files = (
				6370EE0B1DB7CDBE00DC71BB /* AppDelegate.m in Sources */,
				6370EE081DB7CDBE00DC71BB /* main.m in Sources */,
			);
			runOnlyForDeploymentPostprocessing = 0;
		};
		6370EE181DB7CDBF00DC71BB /* Sources */ = {
			isa = PBXSourcesBuildPhase;
			buildActionMask = 2147483647;
			files = (
				6370EE211DB7CDBF00DC71BB /* BeeQuickTests.m in Sources */,
			);
			runOnlyForDeploymentPostprocessing = 0;
		};
		6370EE231DB7CDBF00DC71BB /* Sources */ = {
			isa = PBXSourcesBuildPhase;
			buildActionMask = 2147483647;
			files = (
				6370EE2C1DB7CDBF00DC71BB /* BeeQuickUITests.m in Sources */,
			);
			runOnlyForDeploymentPostprocessing = 0;
		};
/* End PBXSourcesBuildPhase section */

/* Begin PBXTargetDependency section */
		6370EE1E1DB7CDBF00DC71BB /* PBXTargetDependency */ = {
			isa = PBXTargetDependency;
			target = 6370EE021DB7CDBE00DC71BB /* BeeQuick */;
			targetProxy = 6370EE1D1DB7CDBF00DC71BB /* PBXContainerItemProxy */;
		};
		6370EE291DB7CDBF00DC71BB /* PBXTargetDependency */ = {
			isa = PBXTargetDependency;
			target = 6370EE021DB7CDBE00DC71BB /* BeeQuick */;
			targetProxy = 6370EE281DB7CDBF00DC71BB /* PBXContainerItemProxy */;
		};
/* End PBXTargetDependency section */

/* Begin PBXVariantGroup section */
		6370EE141DB7CDBF00DC71BB /* LaunchScreen.storyboard */ = {
			isa = PBXVariantGroup;
			children = (
				6370EE151DB7CDBF00DC71BB /* Base */,
			);
			name = LaunchScreen.storyboard;
			sourceTree = "<group>";
		};
/* End PBXVariantGroup section */

/* Begin XCBuildConfiguration section */
		6370EE2E1DB7CDC000DC71BB /* Debug */ = {
			isa = XCBuildConfiguration;
			buildSettings = {
				ALWAYS_SEARCH_USER_PATHS = NO;
				CLANG_ANALYZER_NONNULL = YES;
				CLANG_CXX_LANGUAGE_STANDARD = "gnu++0x";
				CLANG_CXX_LIBRARY = "libc++";
				CLANG_ENABLE_MODULES = YES;
				CLANG_ENABLE_OBJC_ARC = YES;
				CLANG_WARN_BOOL_CONVERSION = YES;
				CLANG_WARN_CONSTANT_CONVERSION = YES;
				CLANG_WARN_DIRECT_OBJC_ISA_USAGE = YES_ERROR;
				CLANG_WARN_DOCUMENTATION_COMMENTS = YES;
				CLANG_WARN_EMPTY_BODY = YES;
				CLANG_WARN_ENUM_CONVERSION = YES;
				CLANG_WARN_INFINITE_RECURSION = YES;
				CLANG_WARN_INT_CONVERSION = YES;
				CLANG_WARN_OBJC_ROOT_CLASS = YES_ERROR;
				CLANG_WARN_SUSPICIOUS_MOVES = YES;
				CLANG_WARN_UNREACHABLE_CODE = YES;
				CLANG_WARN__DUPLICATE_METHOD_MATCH = YES;
				"CODE_SIGN_IDENTITY[sdk=iphoneos*]" = "iPhone Developer";
				COPY_PHASE_STRIP = NO;
				DEBUG_INFORMATION_FORMAT = dwarf;
				ENABLE_STRICT_OBJC_MSGSEND = YES;
				ENABLE_TESTABILITY = YES;
				GCC_C_LANGUAGE_STANDARD = gnu99;
				GCC_DYNAMIC_NO_PIC = NO;
				GCC_NO_COMMON_BLOCKS = YES;
				GCC_OPTIMIZATION_LEVEL = 0;
				GCC_PREPROCESSOR_DEFINITIONS = (
					"DEBUG=1",
					"$(inherited)",
				);
				GCC_WARN_64_TO_32_BIT_CONVERSION = YES;
				GCC_WARN_ABOUT_RETURN_TYPE = YES_ERROR;
				GCC_WARN_UNDECLARED_SELECTOR = YES;
				GCC_WARN_UNINITIALIZED_AUTOS = YES_AGGRESSIVE;
				GCC_WARN_UNUSED_FUNCTION = YES;
				GCC_WARN_UNUSED_VARIABLE = YES;
				IPHONEOS_DEPLOYMENT_TARGET = 10.0;
				MTL_ENABLE_DEBUG_INFO = YES;
				ONLY_ACTIVE_ARCH = YES;
				SDKROOT = iphoneos;
			};
			name = Debug;
		};
		6370EE2F1DB7CDC000DC71BB /* Release */ = {
			isa = XCBuildConfiguration;
			buildSettings = {
				ALWAYS_SEARCH_USER_PATHS = NO;
				CLANG_ANALYZER_NONNULL = YES;
				CLANG_CXX_LANGUAGE_STANDARD = "gnu++0x";
				CLANG_CXX_LIBRARY = "libc++";
				CLANG_ENABLE_MODULES = YES;
				CLANG_ENABLE_OBJC_ARC = YES;
				CLANG_WARN_BOOL_CONVERSION = YES;
				CLANG_WARN_CONSTANT_CONVERSION = YES;
				CLANG_WARN_DIRECT_OBJC_ISA_USAGE = YES_ERROR;
				CLANG_WARN_DOCUMENTATION_COMMENTS = YES;
				CLANG_WARN_EMPTY_BODY = YES;
				CLANG_WARN_ENUM_CONVERSION = YES;
				CLANG_WARN_INFINITE_RECURSION = YES;
				CLANG_WARN_INT_CONVERSION = YES;
				CLANG_WARN_OBJC_ROOT_CLASS = YES_ERROR;
				CLANG_WARN_SUSPICIOUS_MOVES = YES;
				CLANG_WARN_UNREACHABLE_CODE = YES;
				CLANG_WARN__DUPLICATE_METHOD_MATCH = YES;
				"CODE_SIGN_IDENTITY[sdk=iphoneos*]" = "iPhone Developer";
				COPY_PHASE_STRIP = NO;
				DEBUG_INFORMATION_FORMAT = "dwarf-with-dsym";
				ENABLE_NS_ASSERTIONS = NO;
				ENABLE_STRICT_OBJC_MSGSEND = YES;
				GCC_C_LANGUAGE_STANDARD = gnu99;
				GCC_NO_COMMON_BLOCKS = YES;
				GCC_WARN_64_TO_32_BIT_CONVERSION = YES;
				GCC_WARN_ABOUT_RETURN_TYPE = YES_ERROR;
				GCC_WARN_UNDECLARED_SELECTOR = YES;
				GCC_WARN_UNINITIALIZED_AUTOS = YES_AGGRESSIVE;
				GCC_WARN_UNUSED_FUNCTION = YES;
				GCC_WARN_UNUSED_VARIABLE = YES;
				IPHONEOS_DEPLOYMENT_TARGET = 10.0;
				MTL_ENABLE_DEBUG_INFO = NO;
				SDKROOT = iphoneos;
				VALIDATE_PRODUCT = YES;
			};
			name = Release;
		};
		6370EE311DB7CDC000DC71BB /* Debug */ = {
			isa = XCBuildConfiguration;
			buildSettings = {
				ASSETCATALOG_COMPILER_APPICON_NAME = AppIcon;
				DEVELOPMENT_TEAM = SPC344AR9K;
				INFOPLIST_FILE = BeeQuick/Info.plist;
				LD_RUNPATH_SEARCH_PATHS = "$(inherited) @executable_path/Frameworks";
				PRODUCT_BUNDLE_IDENTIFIER = YBZY.BeeQuick;
				PRODUCT_NAME = "$(TARGET_NAME)";
			};
			name = Debug;
		};
		6370EE321DB7CDC000DC71BB /* Release */ = {
			isa = XCBuildConfiguration;
			buildSettings = {
				ASSETCATALOG_COMPILER_APPICON_NAME = AppIcon;
				DEVELOPMENT_TEAM = SPC344AR9K;
				INFOPLIST_FILE = BeeQuick/Info.plist;
				LD_RUNPATH_SEARCH_PATHS = "$(inherited) @executable_path/Frameworks";
				PRODUCT_BUNDLE_IDENTIFIER = YBZY.BeeQuick;
				PRODUCT_NAME = "$(TARGET_NAME)";
			};
			name = Release;
		};
		6370EE341DB7CDC000DC71BB /* Debug */ = {
			isa = XCBuildConfiguration;
			buildSettings = {
				BUNDLE_LOADER = "$(TEST_HOST)";
				DEVELOPMENT_TEAM = SPC344AR9K;
				INFOPLIST_FILE = BeeQuickTests/Info.plist;
				LD_RUNPATH_SEARCH_PATHS = "$(inherited) @executable_path/Frameworks @loader_path/Frameworks";
				PRODUCT_BUNDLE_IDENTIFIER = YBZY.BeeQuickTests;
				PRODUCT_NAME = "$(TARGET_NAME)";
				TEST_HOST = "$(BUILT_PRODUCTS_DIR)/BeeQuick.app/BeeQuick";
			};
			name = Debug;
		};
		6370EE351DB7CDC000DC71BB /* Release */ = {
			isa = XCBuildConfiguration;
			buildSettings = {
				BUNDLE_LOADER = "$(TEST_HOST)";
				DEVELOPMENT_TEAM = SPC344AR9K;
				INFOPLIST_FILE = BeeQuickTests/Info.plist;
				LD_RUNPATH_SEARCH_PATHS = "$(inherited) @executable_path/Frameworks @loader_path/Frameworks";
				PRODUCT_BUNDLE_IDENTIFIER = YBZY.BeeQuickTests;
				PRODUCT_NAME = "$(TARGET_NAME)";
				TEST_HOST = "$(BUILT_PRODUCTS_DIR)/BeeQuick.app/BeeQuick";
			};
			name = Release;
		};
		6370EE371DB7CDC000DC71BB /* Debug */ = {
			isa = XCBuildConfiguration;
			buildSettings = {
				DEVELOPMENT_TEAM = SPC344AR9K;
				INFOPLIST_FILE = BeeQuickUITests/Info.plist;
				LD_RUNPATH_SEARCH_PATHS = "$(inherited) @executable_path/Frameworks @loader_path/Frameworks";
				PRODUCT_BUNDLE_IDENTIFIER = YBZY.BeeQuickUITests;
				PRODUCT_NAME = "$(TARGET_NAME)";
				TEST_TARGET_NAME = BeeQuick;
			};
			name = Debug;
		};
		6370EE381DB7CDC000DC71BB /* Release */ = {
			isa = XCBuildConfiguration;
			buildSettings = {
				DEVELOPMENT_TEAM = SPC344AR9K;
				INFOPLIST_FILE = BeeQuickUITests/Info.plist;
				LD_RUNPATH_SEARCH_PATHS = "$(inherited) @executable_path/Frameworks @loader_path/Frameworks";
				PRODUCT_BUNDLE_IDENTIFIER = YBZY.BeeQuickUITests;
				PRODUCT_NAME = "$(TARGET_NAME)";
				TEST_TARGET_NAME = BeeQuick;
			};
			name = Release;
		};
/* End XCBuildConfiguration section */

/* Begin XCConfigurationList section */
		6370EDFE1DB7CDBE00DC71BB /* Build configuration list for PBXProject "BeeQuick" */ = {
			isa = XCConfigurationList;
			buildConfigurations = (
				6370EE2E1DB7CDC000DC71BB /* Debug */,
				6370EE2F1DB7CDC000DC71BB /* Release */,
			);
			defaultConfigurationIsVisible = 0;
			defaultConfigurationName = Release;
		};
		6370EE301DB7CDC000DC71BB /* Build configuration list for PBXNativeTarget "BeeQuick" */ = {
			isa = XCConfigurationList;
			buildConfigurations = (
				6370EE311DB7CDC000DC71BB /* Debug */,
				6370EE321DB7CDC000DC71BB /* Release */,
			);
			defaultConfigurationIsVisible = 0;
		};
		6370EE331DB7CDC000DC71BB /* Build configuration list for PBXNativeTarget "BeeQuickTests" */ = {
			isa = XCConfigurationList;
			buildConfigurations = (
				6370EE341DB7CDC000DC71BB /* Debug */,
				6370EE351DB7CDC000DC71BB /* Release */,
			);
			defaultConfigurationIsVisible = 0;
		};
		6370EE361DB7CDC000DC71BB /* Build configuration list for PBXNativeTarget "BeeQuickUITests" */ = {
			isa = XCConfigurationList;
			buildConfigurations = (
				6370EE371DB7CDC000DC71BB /* Debug */,
				6370EE381DB7CDC000DC71BB /* Release */,
			);
			defaultConfigurationIsVisible = 0;
		};
/* End XCConfigurationList section */
	};
	rootObject = 6370EDFB1DB7CDBE00DC71BB /* Project object */;
}
